
Microsoft Visual Studio Solution File, Format Version 12.00
# Visual Studio Version 16
VisualStudioVersion = 16.0.29306.81
MinimumVisualStudioVersion = 10.0.40219.1
Project("{00D1A9C2-B5F0-4AF3-8072-F6C62B433612}") = "VideoGameDB", "VideoGameDB\VideoGameDB.sqlproj", "{3437BC4F-D13F-4396-BC2B-9BCF38682396}"
EndProject
Project("{FAE04EC0-301F-11D3-BF4B-00C04F79EFBC}") = "VideoGameDAL", "VideoGameDAL\VideoGameDAL.csproj", "{CE765C7F-90EC-4BAA-BB44-5FDE3CC18214}"
EndProject
Project("{FAE04EC0-301F-11D3-BF4B-00C04F79EFBC}") = "TestHarness", "TestHarness\TestHarness.csproj", "{D1154D1D-9D71-4820-8B7A-9CF2FC6B0533}"
EndProject
Project("{FAE04EC0-301F-11D3-BF4B-00C04F79EFBC}") = "VideoGameUI", "VideoGameUI\VideoGameUI.csproj", "{9A7D63A9-D92C-433E-8CD1-0A6D3148FF96}"
EndProject
Global
	GlobalSection(SolutionConfigurationPlatforms) = preSolution
		Debug|Any CPU = Debug|Any CPU
		Release|Any CPU = Release|Any CPU
	EndGlobalSection
	GlobalSection(ProjectConfigurationPlatforms) = postSolution
		{3437BC4F-D13F-4396-BC2B-9BCF38682396}.Debug|Any CPU.ActiveCfg = Debug|Any CPU
		{3437BC4F-D13F-4396-BC2B-9BCF38682396}.Debug|Any CPU.Build.0 = Debug|Any CPU
		{3437BC4F-D13F-4396-BC2B-9BCF38682396}.Debug|Any CPU.Deploy.0 = Debug|Any CPU
		{3437BC4F-D13F-4396-BC2B-9BCF38682396}.Release|Any CPU.ActiveCfg = Release|Any CPU
		{3437BC4F-D13F-4396-BC2B-9BCF38682396}.Release|Any CPU.Build.0 = Release|Any CPU
		{3437BC4F-D13F-4396-BC2B-9BCF38682396}.Release|Any CPU.Deploy.0 = Release|Any CPU
		{CE765C7F-90EC-4BAA-BB44-5FDE3CC18214}.Debug|Any CPU.ActiveCfg = Debug|Any CPU
		{CE765C7F-90EC-4BAA-BB44-5FDE3CC18214}.Debug|Any CPU.Build.0 = Debug|Any CPU
		{CE765C7F-90EC-4BAA-BB44-5FDE3CC18214}.Release|Any CPU.ActiveCfg = Release|Any CPU
		{CE765C7F-90EC-4BAA-BB44-5FDE3CC18214}.Release|Any CPU.Build.0 = Release|Any CPU
		{D1154D1D-9D71-4820-8B7A-9CF2FC6B0533}.Debug|Any CPU.ActiveCfg = Debug|Any CPU
		{D1154D1D-9D71-4820-8B7A-9CF2FC6B0533}.Debug|Any CPU.Build.0 = Debug|Any CPU
		{D1154D1D-9D71-4820-8B7A-9CF2FC6B0533}.Release|Any CPU.ActiveCfg = Release|Any CPU
		{D1154D1D-9D71-4820-8B7A-9CF2FC6B0533}.Release|Any CPU.Build.0 = Release|Any CPU
		{9A7D63A9-D92C-433E-8CD1-0A6D3148FF96}.Debug|Any CPU.ActiveCfg = Debug|Any CPU
		{9A7D63A9-D92C-433E-8CD1-0A6D3148FF96}.Debug|Any CPU.Build.0 = Debug|Any CPU
		{9A7D63A9-D92C-433E-8CD1-0A6D3148FF96}.Release|Any CPU.ActiveCfg = Release|Any CPU
		{9A7D63A9-D92C-433E-8CD1-0A6D3148FF96}.Release|Any CPU.Build.0 = Release|Any CPU
	EndGlobalSection
	GlobalSection(SolutionProperties) = preSolution
		HideSolutionNode = FALSE
	EndGlobalSection
	GlobalSection(ExtensibilityGlobals) = postSolution
		SolutionGuid = {C2601490-69C0-42F6-99EF-79DB7B788670}
	EndGlobalSection
EndGlobal
